
Microsoft Visual Studio Solution File, Format Version 12.00
# Visual Studio Version 17
VisualStudioVersion = 17.14.36623.8
MinimumVisualStudioVersion = 10.0.40219.1
Project("{FAE04EC0-301F-11D3-BF4B-00C04F79EFBC}") = "Api", "Api\Api.csproj", "{558E2164-2998-4B1C-ADF9-8F0B52C4CAF0}"
EndProject
Project("{FAE04EC0-301F-11D3-BF4B-00C04F79EFBC}") = "Application", "Application\Application.csproj", "{2D59367B-78D0-4280-8A84-4D9163C373E0}"
EndProject
Project("{FAE04EC0-301F-11D3-BF4B-00C04F79EFBC}") = "Domain", "Domain\Domain.csproj", "{764EAB37-E30C-4606-B75C-C081B3650685}"
EndProject
Project("{FAE04EC0-301F-11D3-BF4B-00C04F79EFBC}") = "Infrastructure", "Infrastructure\Infrastructure.csproj", "{D51BB780-455E-41F1-8A6E-D33BD63CADFA}"
EndProject
Global
	GlobalSection(SolutionConfigurationPlatforms) = preSolution
		Debug|Any CPU = Debug|Any CPU
		Release|Any CPU = Release|Any CPU
	EndGlobalSection
	GlobalSection(ProjectConfigurationPlatforms) = postSolution
		{558E2164-2998-4B1C-ADF9-8F0B52C4CAF0}.Debug|Any CPU.ActiveCfg = Debug|Any CPU
		{558E2164-2998-4B1C-ADF9-8F0B52C4CAF0}.Debug|Any CPU.Build.0 = Debug|Any CPU
		{558E2164-2998-4B1C-ADF9-8F0B52C4CAF0}.Release|Any CPU.ActiveCfg = Release|Any CPU
		{558E2164-2998-4B1C-ADF9-8F0B52C4CAF0}.Release|Any CPU.Build.0 = Release|Any CPU
		{2D59367B-78D0-4280-8A84-4D9163C373E0}.Debug|Any CPU.ActiveCfg = Debug|Any CPU
		{2D59367B-78D0-4280-8A84-4D9163C373E0}.Debug|Any CPU.Build.0 = Debug|Any CPU
		{2D59367B-78D0-4280-8A84-4D9163C373E0}.Release|Any CPU.ActiveCfg = Release|Any CPU
		{2D59367B-78D0-4280-8A84-4D9163C373E0}.Release|Any CPU.Build.0 = Release|Any CPU
		{764EAB37-E30C-4606-B75C-C081B3650685}.Debug|Any CPU.ActiveCfg = Debug|Any CPU
		{764EAB37-E30C-4606-B75C-C081B3650685}.Debug|Any CPU.Build.0 = Debug|Any CPU
		{764EAB37-E30C-4606-B75C-C081B3650685}.Release|Any CPU.ActiveCfg = Release|Any CPU
		{764EAB37-E30C-4606-B75C-C081B3650685}.Release|Any CPU.Build.0 = Release|Any CPU
		{D51BB780-455E-41F1-8A6E-D33BD63CADFA}.Debug|Any CPU.ActiveCfg = Debug|Any CPU
		{D51BB780-455E-41F1-8A6E-D33BD63CADFA}.Debug|Any CPU.Build.0 = Debug|Any CPU
		{D51BB780-455E-41F1-8A6E-D33BD63CADFA}.Release|Any CPU.ActiveCfg = Release|Any CPU
		{D51BB780-455E-41F1-8A6E-D33BD63CADFA}.Release|Any CPU.Build.0 = Release|Any CPU
	EndGlobalSection
	GlobalSection(SolutionProperties) = preSolution
		HideSolutionNode = FALSE
	EndGlobalSection
	GlobalSection(ExtensibilityGlobals) = postSolution
		SolutionGuid = {F6229493-3EF1-49E5-936C-9B574D688312}
	EndGlobalSection
EndGlobal
