
Microsoft Visual Studio Solution File, Format Version 12.00
# Visual Studio Version 17
VisualStudioVersion = 17.14.36623.8
MinimumVisualStudioVersion = 10.0.40219.1
Project("{2150E333-8FDC-42A3-9474-1A3956D46DE8}") = "Api", "Api", "{02EA681E-C7D8-13C7-8484-4AC65E1B71E8}"
EndProject
Project("{2150E333-8FDC-42A3-9474-1A3956D46DE8}") = "Application", "Application", "{CEEE2BC4-797A-4CF7-B529-AC9C4717433D}"
EndProject
Project("{2150E333-8FDC-42A3-9474-1A3956D46DE8}") = "Domain", "Domain", "{D27A6946-A903-4F67-BF81-C31CF90B3E04}"
EndProject
Project("{2150E333-8FDC-42A3-9474-1A3956D46DE8}") = "Infrastructure", "Infrastructure", "{A0C87979-8702-4DB1-A7C2-88AACD4C2DD1}"
EndProject
Project("{FAE04EC0-301F-11D3-BF4B-00C04F79EFBC}") = "Api", "Api\Api.csproj", "{37ACC7E8-FA3F-49D3-93DC-229CC6D36064}"
EndProject
Global
	GlobalSection(SolutionConfigurationPlatforms) = preSolution
		Debug|Any CPU = Debug|Any CPU
		Release|Any CPU = Release|Any CPU
	EndGlobalSection
	GlobalSection(ProjectConfigurationPlatforms) = postSolution
		{37ACC7E8-FA3F-49D3-93DC-229CC6D36064}.Debug|Any CPU.ActiveCfg = Debug|Any CPU
		{37ACC7E8-FA3F-49D3-93DC-229CC6D36064}.Debug|Any CPU.Build.0 = Debug|Any CPU
		{37ACC7E8-FA3F-49D3-93DC-229CC6D36064}.Release|Any CPU.ActiveCfg = Release|Any CPU
		{37ACC7E8-FA3F-49D3-93DC-229CC6D36064}.Release|Any CPU.Build.0 = Release|Any CPU
	EndGlobalSection
	GlobalSection(SolutionProperties) = preSolution
		HideSolutionNode = FALSE
	EndGlobalSection
	GlobalSection(NestedProjects) = preSolution
		{37ACC7E8-FA3F-49D3-93DC-229CC6D36064} = {02EA681E-C7D8-13C7-8484-4AC65E1B71E8}
	EndGlobalSection
	GlobalSection(ExtensibilityGlobals) = postSolution
		SolutionGuid = {F6229493-3EF1-49E5-936C-9B574D688312}
	EndGlobalSection
EndGlobal
